// !$*UTF8*$!
{
	archiveVersion = 1;
	classes = {
	};
	objectVersion = 46;
	objects = {

/* Begin PBXBuildFile section */
		5296CB221B273F5C00DB4774 /* main.m in Sources */ = {isa = PBXBuildFile; fileRef = 5296CB211B273F5C00DB4774 /* main.m */; };
		5296CB251B273F5C00DB4774 /* AppDelegate.m in Sources */ = {isa = PBXBuildFile; fileRef = 5296CB241B273F5C00DB4774 /* AppDelegate.m */; };
		5296CB281B273F5C00DB4774 /* ViewController.m in Sources */ = {isa = PBXBuildFile; fileRef = 5296CB271B273F5C00DB4774 /* ViewController.m */; };
		5296CB2B1B273F5C00DB4774 /* Main.storyboard in Resources */ = {isa = PBXBuildFile; fileRef = 5296CB291B273F5C00DB4774 /* Main.storyboard */; };
		5296CB2D1B273F5C00DB4774 /* Images.xcassets in Resources */ = {isa = PBXBuildFile; fileRef = 5296CB2C1B273F5C00DB4774 /* Images.xcassets */; };
		5296CB301B273F5C00DB4774 /* LaunchScreen.xib in Resources */ = {isa = PBXBuildFile; fileRef = 5296CB2E1B273F5C00DB4774 /* LaunchScreen.xib */; };
		5296CB3C1B273F5C00DB4774 /* pictrubyTests.m in Sources */ = {isa = PBXBuildFile; fileRef = 5296CB3B1B273F5C00DB4774 /* pictrubyTests.m */; };
/* End PBXBuildFile section */

/* Begin PBXContainerItemProxy section */
		5296CB361B273F5C00DB4774 /* PBXContainerItemProxy */ = {
			isa = PBXContainerItemProxy;
			containerPortal = 5296CB141B273F5C00DB4774 /* Project object */;
			proxyType = 1;
			remoteGlobalIDString = 5296CB1B1B273F5C00DB4774;
			remoteInfo = pictruby;
		};
/* End PBXContainerItemProxy section */

/* Begin PBXFileReference section */
		5296CB1C1B273F5C00DB4774 /* pictruby.app */ = {isa = PBXFileReference; explicitFileType = wrapper.application; includeInIndex = 0; path = pictruby.app; sourceTree = BUILT_PRODUCTS_DIR; };
		5296CB201B273F5C00DB4774 /* Info.plist */ = {isa = PBXFileReference; lastKnownFileType = text.plist.xml; path = Info.plist; sourceTree = "<group>"; };
		5296CB211B273F5C00DB4774 /* main.m */ = {isa = PBXFileReference; lastKnownFileType = sourcecode.c.objc; path = main.m; sourceTree = "<group>"; };
		5296CB231B273F5C00DB4774 /* AppDelegate.h */ = {isa = PBXFileReference; lastKnownFileType = sourcecode.c.h; path = AppDelegate.h; sourceTree = "<group>"; };
		5296CB241B273F5C00DB4774 /* AppDelegate.m */ = {isa = PBXFileReference; lastKnownFileType = sourcecode.c.objc; path = AppDelegate.m; sourceTree = "<group>"; };
		5296CB261B273F5C00DB4774 /* ViewController.h */ = {isa = PBXFileReference; lastKnownFileType = sourcecode.c.h; path = ViewController.h; sourceTree = "<group>"; };
		5296CB271B273F5C00DB4774 /* ViewController.m */ = {isa = PBXFileReference; lastKnownFileType = sourcecode.c.objc; path = ViewController.m; sourceTree = "<group>"; };
		5296CB2A1B273F5C00DB4774 /* Base */ = {isa = PBXFileReference; lastKnownFileType = file.storyboard; name = Base; path = Base.lproj/Main.storyboard; sourceTree = "<group>"; };
		5296CB2C1B273F5C00DB4774 /* Images.xcassets */ = {isa = PBXFileReference; lastKnownFileType = folder.assetcatalog; path = Images.xcassets; sourceTree = "<group>"; };
		5296CB2F1B273F5C00DB4774 /* Base */ = {isa = PBXFileReference; lastKnownFileType = file.xib; name = Base; path = Base.lproj/LaunchScreen.xib; sourceTree = "<group>"; };
		5296CB351B273F5C00DB4774 /* pictrubyTests.xctest */ = {isa = PBXFileReference; explicitFileType = wrapper.cfbundle; includeInIndex = 0; path = pictrubyTests.xctest; sourceTree = BUILT_PRODUCTS_DIR; };
		5296CB3A1B273F5C00DB4774 /* Info.plist */ = {isa = PBXFileReference; lastKnownFileType = text.plist.xml; path = Info.plist; sourceTree = "<group>"; };
		5296CB3B1B273F5C00DB4774 /* pictrubyTests.m */ = {isa = PBXFileReference; lastKnownFileType = sourcecode.c.objc; path = pictrubyTests.m; sourceTree = "<group>"; };
/* End PBXFileReference section */

/* Begin PBXFrameworksBuildPhase section */
		5296CB191B273F5C00DB4774 /* Frameworks */ = {
			isa = PBXFrameworksBuildPhase;
			buildActionMask = 2147483647;
			files = (
			);
			runOnlyForDeploymentPostprocessing = 0;
		};
		5296CB321B273F5C00DB4774 /* Frameworks */ = {
			isa = PBXFrameworksBuildPhase;
			buildActionMask = 2147483647;
			files = (
			);
			runOnlyForDeploymentPostprocessing = 0;
		};
/* End PBXFrameworksBuildPhase section */

/* Begin PBXGroup section */
		5296CB131B273F5C00DB4774 = {
			isa = PBXGroup;
			children = (
				5296CB1E1B273F5C00DB4774 /* pictruby */,
				5296CB381B273F5C00DB4774 /* pictrubyTests */,
				5296CB1D1B273F5C00DB4774 /* Products */,
			);
			sourceTree = "<group>";
		};
		5296CB1D1B273F5C00DB4774 /* Products */ = {
			isa = PBXGroup;
			children = (
				5296CB1C1B273F5C00DB4774 /* pictruby.app */,
				5296CB351B273F5C00DB4774 /* pictrubyTests.xctest */,
			);
			name = Products;
			sourceTree = "<group>";
		};
		5296CB1E1B273F5C00DB4774 /* pictruby */ = {
			isa = PBXGroup;
			children = (
				5296CB231B273F5C00DB4774 /* AppDelegate.h */,
				5296CB241B273F5C00DB4774 /* AppDelegate.m */,
				5296CB261B273F5C00DB4774 /* ViewController.h */,
				5296CB271B273F5C00DB4774 /* ViewController.m */,
				5296CB291B273F5C00DB4774 /* Main.storyboard */,
				5296CB2C1B273F5C00DB4774 /* Images.xcassets */,
				5296CB2E1B273F5C00DB4774 /* LaunchScreen.xib */,
				5296CB1F1B273F5C00DB4774 /* Supporting Files */,
			);
			path = pictruby;
			sourceTree = "<group>";
		};
		5296CB1F1B273F5C00DB4774 /* Supporting Files */ = {
			isa = PBXGroup;
			children = (
				5296CB201B273F5C00DB4774 /* Info.plist */,
				5296CB211B273F5C00DB4774 /* main.m */,
			);
			name = "Supporting Files";
			sourceTree = "<group>";
		};
		5296CB381B273F5C00DB4774 /* pictrubyTests */ = {
			isa = PBXGroup;
			children = (
				5296CB3B1B273F5C00DB4774 /* pictrubyTests.m */,
				5296CB391B273F5C00DB4774 /* Supporting Files */,
			);
			path = pictrubyTests;
			sourceTree = "<group>";
		};
		5296CB391B273F5C00DB4774 /* Supporting Files */ = {
			isa = PBXGroup;
			children = (
				5296CB3A1B273F5C00DB4774 /* Info.plist */,
			);
			name = "Supporting Files";
			sourceTree = "<group>";
		};
/* End PBXGroup section */

/* Begin PBXNativeTarget section */
		5296CB1B1B273F5C00DB4774 /* pictruby */ = {
			isa = PBXNativeTarget;
			buildConfigurationList = 5296CB3F1B273F5D00DB4774 /* Build configuration list for PBXNativeTarget "pictruby" */;
			buildPhases = (
				5296CB181B273F5C00DB4774 /* Sources */,
				5296CB191B273F5C00DB4774 /* Frameworks */,
				5296CB1A1B273F5C00DB4774 /* Resources */,
			);
			buildRules = (
			);
			dependencies = (
			);
			name = pictruby;
			productName = pictruby;
			productReference = 5296CB1C1B273F5C00DB4774 /* pictruby.app */;
			productType = "com.apple.product-type.application";
		};
		5296CB341B273F5C00DB4774 /* pictrubyTests */ = {
			isa = PBXNativeTarget;
			buildConfigurationList = 5296CB421B273F5D00DB4774 /* Build configuration list for PBXNativeTarget "pictrubyTests" */;
			buildPhases = (
				5296CB311B273F5C00DB4774 /* Sources */,
				5296CB321B273F5C00DB4774 /* Frameworks */,
				5296CB331B273F5C00DB4774 /* Resources */,
			);
			buildRules = (
			);
			dependencies = (
				5296CB371B273F5C00DB4774 /* PBXTargetDependency */,
			);
			name = pictrubyTests;
			productName = pictrubyTests;
			productReference = 5296CB351B273F5C00DB4774 /* pictrubyTests.xctest */;
			productType = "com.apple.product-type.bundle.unit-test";
		};
/* End PBXNativeTarget section */

/* Begin PBXProject section */
		5296CB141B273F5C00DB4774 /* Project object */ = {
			isa = PBXProject;
			attributes = {
				LastUpgradeCheck = 0610;
				ORGANIZATIONNAME = ongaeshi;
				TargetAttributes = {
					5296CB1B1B273F5C00DB4774 = {
						CreatedOnToolsVersion = 6.1.1;
					};
					5296CB341B273F5C00DB4774 = {
						CreatedOnToolsVersion = 6.1.1;
						TestTargetID = 5296CB1B1B273F5C00DB4774;
					};
				};
			};
			buildConfigurationList = 5296CB171B273F5C00DB4774 /* Build configuration list for PBXProject "pictruby" */;
			compatibilityVersion = "Xcode 3.2";
			developmentRegion = English;
			hasScannedForEncodings = 0;
			knownRegions = (
				en,
				Base,
			);
			mainGroup = 5296CB131B273F5C00DB4774;
			productRefGroup = 5296CB1D1B273F5C00DB4774 /* Products */;
			projectDirPath = "";
			projectRoot = "";
			targets = (
				5296CB1B1B273F5C00DB4774 /* pictruby */,
				5296CB341B273F5C00DB4774 /* pictrubyTests */,
			);
		};
/* End PBXProject section */

/* Begin PBXResourcesBuildPhase section */
		5296CB1A1B273F5C00DB4774 /* Resources */ = {
			isa = PBXResourcesBuildPhase;
			buildActionMask = 2147483647;
			files = (
				5296CB2B1B273F5C00DB4774 /* Main.storyboard in Resources */,
				5296CB301B273F5C00DB4774 /* LaunchScreen.xib in Resources */,
				5296CB2D1B273F5C00DB4774 /* Images.xcassets in Resources */,
			);
			runOnlyForDeploymentPostprocessing = 0;
		};
		5296CB331B273F5C00DB4774 /* Resources */ = {
			isa = PBXResourcesBuildPhase;
			buildActionMask = 2147483647;
			files = (
			);
			runOnlyForDeploymentPostprocessing = 0;
		};
/* End PBXResourcesBuildPhase section */

/* Begin PBXSourcesBuildPhase section */
		5296CB181B273F5C00DB4774 /* Sources */ = {
			isa = PBXSourcesBuildPhase;
			buildActionMask = 2147483647;
			files = (
				5296CB281B273F5C00DB4774 /* ViewController.m in Sources */,
				5296CB251B273F5C00DB4774 /* AppDelegate.m in Sources */,
				5296CB221B273F5C00DB4774 /* main.m in Sources */,
			);
			runOnlyForDeploymentPostprocessing = 0;
		};
		5296CB311B273F5C00DB4774 /* Sources */ = {
			isa = PBXSourcesBuildPhase;
			buildActionMask = 2147483647;
			files = (
				5296CB3C1B273F5C00DB4774 /* pictrubyTests.m in Sources */,
			);
			runOnlyForDeploymentPostprocessing = 0;
		};
/* End PBXSourcesBuildPhase section */

/* Begin PBXTargetDependency section */
		5296CB371B273F5C00DB4774 /* PBXTargetDependency */ = {
			isa = PBXTargetDependency;
			target = 5296CB1B1B273F5C00DB4774 /* pictruby */;
			targetProxy = 5296CB361B273F5C00DB4774 /* PBXContainerItemProxy */;
		};
/* End PBXTargetDependency section */

/* Begin PBXVariantGroup section */
		5296CB291B273F5C00DB4774 /* Main.storyboard */ = {
			isa = PBXVariantGroup;
			children = (
				5296CB2A1B273F5C00DB4774 /* Base */,
			);
			name = Main.storyboard;
			sourceTree = "<group>";
		};
		5296CB2E1B273F5C00DB4774 /* LaunchScreen.xib */ = {
			isa = PBXVariantGroup;
			children = (
				5296CB2F1B273F5C00DB4774 /* Base */,
			);
			name = LaunchScreen.xib;
			sourceTree = "<group>";
		};
/* End PBXVariantGroup section */

/* Begin XCBuildConfiguration section */
		5296CB3D1B273F5D00DB4774 /* Debug */ = {
			isa = XCBuildConfiguration;
			buildSettings = {
				ALWAYS_SEARCH_USER_PATHS = NO;
				CLANG_CXX_LANGUAGE_STANDARD = "gnu++0x";
				CLANG_CXX_LIBRARY = "libc++";
				CLANG_ENABLE_MODULES = YES;
				CLANG_ENABLE_OBJC_ARC = YES;
				CLANG_WARN_BOOL_CONVERSION = YES;
				CLANG_WARN_CONSTANT_CONVERSION = YES;
				CLANG_WARN_DIRECT_OBJC_ISA_USAGE = YES_ERROR;
				CLANG_WARN_EMPTY_BODY = YES;
				CLANG_WARN_ENUM_CONVERSION = YES;
				CLANG_WARN_INT_CONVERSION = YES;
				CLANG_WARN_OBJC_ROOT_CLASS = YES_ERROR;
				CLANG_WARN_UNREACHABLE_CODE = YES;
				CLANG_WARN__DUPLICATE_METHOD_MATCH = YES;
				"CODE_SIGN_IDENTITY[sdk=iphoneos*]" = "iPhone Developer";
				COPY_PHASE_STRIP = NO;
				ENABLE_STRICT_OBJC_MSGSEND = YES;
				GCC_C_LANGUAGE_STANDARD = gnu99;
				GCC_DYNAMIC_NO_PIC = NO;
				GCC_OPTIMIZATION_LEVEL = 0;
				GCC_PREPROCESSOR_DEFINITIONS = (
					"DEBUG=1",
					"$(inherited)",
				);
				GCC_SYMBOLS_PRIVATE_EXTERN = NO;
				GCC_WARN_64_TO_32_BIT_CONVERSION = YES;
				GCC_WARN_ABOUT_RETURN_TYPE = YES_ERROR;
				GCC_WARN_UNDECLARED_SELECTOR = YES;
				GCC_WARN_UNINITIALIZED_AUTOS = YES_AGGRESSIVE;
				GCC_WARN_UNUSED_FUNCTION = YES;
				GCC_WARN_UNUSED_VARIABLE = YES;
				IPHONEOS_DEPLOYMENT_TARGET = 8.1;
				MTL_ENABLE_DEBUG_INFO = YES;
				ONLY_ACTIVE_ARCH = YES;
				SDKROOT = iphoneos;
				TARGETED_DEVICE_FAMILY = "1,2";
			};
			name = Debug;
		};
		5296CB3E1B273F5D00DB4774 /* Release */ = {
			isa = XCBuildConfiguration;
			buildSettings = {
				ALWAYS_SEARCH_USER_PATHS = NO;
				CLANG_CXX_LANGUAGE_STANDARD = "gnu++0x";
				CLANG_CXX_LIBRARY = "libc++";
				CLANG_ENABLE_MODULES = YES;
				CLANG_ENABLE_OBJC_ARC = YES;
				CLANG_WARN_BOOL_CONVERSION = YES;
				CLANG_WARN_CONSTANT_CONVERSION = YES;
				CLANG_WARN_DIRECT_OBJC_ISA_USAGE = YES_ERROR;
				CLANG_WARN_EMPTY_BODY = YES;
				CLANG_WARN_ENUM_CONVERSION = YES;
				CLANG_WARN_INT_CONVERSION = YES;
				CLANG_WARN_OBJC_ROOT_CLASS = YES_ERROR;
				CLANG_WARN_UNREACHABLE_CODE = YES;
				CLANG_WARN__DUPLICATE_METHOD_MATCH = YES;
				"CODE_SIGN_IDENTITY[sdk=iphoneos*]" = "iPhone Developer";
				COPY_PHASE_STRIP = YES;
				ENABLE_NS_ASSERTIONS = NO;
				ENABLE_STRICT_OBJC_MSGSEND = YES;
				GCC_C_LANGUAGE_STANDARD = gnu99;
				GCC_WARN_64_TO_32_BIT_CONVERSION = YES;
				GCC_WARN_ABOUT_RETURN_TYPE = YES_ERROR;
				GCC_WARN_UNDECLARED_SELECTOR = YES;
				GCC_WARN_UNINITIALIZED_AUTOS = YES_AGGRESSIVE;
				GCC_WARN_UNUSED_FUNCTION = YES;
				GCC_WARN_UNUSED_VARIABLE = YES;
				IPHONEOS_DEPLOYMENT_TARGET = 8.1;
				MTL_ENABLE_DEBUG_INFO = NO;
				SDKROOT = iphoneos;
				TARGETED_DEVICE_FAMILY = "1,2";
				VALIDATE_PRODUCT = YES;
			};
			name = Release;
		};
		5296CB401B273F5D00DB4774 /* Debug */ = {
			isa = XCBuildConfiguration;
			buildSettings = {
				ASSETCATALOG_COMPILER_APPICON_NAME = AppIcon;
				INFOPLIST_FILE = pictruby/Info.plist;
				LD_RUNPATH_SEARCH_PATHS = "$(inherited) @executable_path/Frameworks";
				PRODUCT_NAME = "$(TARGET_NAME)";
			};
			name = Debug;
		};
		5296CB411B273F5D00DB4774 /* Release */ = {
			isa = XCBuildConfiguration;
			buildSettings = {
				ASSETCATALOG_COMPILER_APPICON_NAME = AppIcon;
				INFOPLIST_FILE = pictruby/Info.plist;
				LD_RUNPATH_SEARCH_PATHS = "$(inherited) @executable_path/Frameworks";
				PRODUCT_NAME = "$(TARGET_NAME)";
			};
			name = Release;
		};
		5296CB431B273F5D00DB4774 /* Debug */ = {
			isa = XCBuildConfiguration;
			buildSettings = {
				BUNDLE_LOADER = "$(TEST_HOST)";
				FRAMEWORK_SEARCH_PATHS = (
					"$(SDKROOT)/Developer/Library/Frameworks",
					"$(inherited)",
				);
				GCC_PREPROCESSOR_DEFINITIONS = (
					"DEBUG=1",
					"$(inherited)",
				);
				INFOPLIST_FILE = pictrubyTests/Info.plist;
				LD_RUNPATH_SEARCH_PATHS = "$(inherited) @executable_path/Frameworks @loader_path/Frameworks";
				PRODUCT_NAME = "$(TARGET_NAME)";
				TEST_HOST = "$(BUILT_PRODUCTS_DIR)/pictruby.app/pictruby";
			};
			name = Debug;
		};
		5296CB441B273F5D00DB4774 /* Release */ = {
			isa = XCBuildConfiguration;
			buildSettings = {
				BUNDLE_LOADER = "$(TEST_HOST)";
				FRAMEWORK_SEARCH_PATHS = (
					"$(SDKROOT)/Developer/Library/Frameworks",
					"$(inherited)",
				);
				INFOPLIST_FILE = pictrubyTests/Info.plist;
				LD_RUNPATH_SEARCH_PATHS = "$(inherited) @executable_path/Frameworks @loader_path/Frameworks";
				PRODUCT_NAME = "$(TARGET_NAME)";
				TEST_HOST = "$(BUILT_PRODUCTS_DIR)/pictruby.app/pictruby";
			};
			name = Release;
		};
/* End XCBuildConfiguration section */

/* Begin XCConfigurationList section */
		5296CB171B273F5C00DB4774 /* Build configuration list for PBXProject "pictruby" */ = {
			isa = XCConfigurationList;
			buildConfigurations = (
				5296CB3D1B273F5D00DB4774 /* Debug */,
				5296CB3E1B273F5D00DB4774 /* Release */,
			);
			defaultConfigurationIsVisible = 0;
			defaultConfigurationName = Release;
		};
		5296CB3F1B273F5D00DB4774 /* Build configuration list for PBXNativeTarget "pictruby" */ = {
			isa = XCConfigurationList;
			buildConfigurations = (
				5296CB401B273F5D00DB4774 /* Debug */,
				5296CB411B273F5D00DB4774 /* Release */,
			);
			defaultConfigurationIsVisible = 0;
		};
		5296CB421B273F5D00DB4774 /* Build configuration list for PBXNativeTarget "pictrubyTests" */ = {
			isa = XCConfigurationList;
			buildConfigurations = (
				5296CB431B273F5D00DB4774 /* Debug */,
				5296CB441B273F5D00DB4774 /* Release */,
			);
			defaultConfigurationIsVisible = 0;
		};
/* End XCConfigurationList section */
	};
	rootObject = 5296CB141B273F5C00DB4774 /* Project object */;
}
